
Microsoft Visual Studio Solution File, Format Version 12.00
# Visual Studio 14
VisualStudioVersion = 14.0.23107.0
MinimumVisualStudioVersion = 10.0.40219.1
Project("{FAE04EC0-301F-11D3-BF4B-00C04F79EFBC}") = "CrapsLib", "CrapsLib\CrapsLib.csproj", "{4D39E66D-E278-4B42-8AD7-192CE99FF5C7}"
EndProject
Project("{FAE04EC0-301F-11D3-BF4B-00C04F79EFBC}") = "CrapsLib.UnitTests", "CrapsLib.UnitTests\CrapsLib.UnitTests.csproj", "{8F0E4D32-B7C3-4896-A46F-8D8C2E59854C}"
EndProject
Project("{FAE04EC0-301F-11D3-BF4B-00C04F79EFBC}") = "JunkSimulator", "JunkSimulator\JunkSimulator.csproj", "{ACD09A8B-DFCA-49CA-8665-E4DAFC34EA84}"
EndProject
Global
	GlobalSection(SolutionConfigurationPlatforms) = preSolution
		Debug|Any CPU = Debug|Any CPU
		Release|Any CPU = Release|Any CPU
	EndGlobalSection
	GlobalSection(ProjectConfigurationPlatforms) = postSolution
		{4D39E66D-E278-4B42-8AD7-192CE99FF5C7}.Debug|Any CPU.ActiveCfg = Debug|Any CPU
		{4D39E66D-E278-4B42-8AD7-192CE99FF5C7}.Debug|Any CPU.Build.0 = Debug|Any CPU
		{4D39E66D-E278-4B42-8AD7-192CE99FF5C7}.Release|Any CPU.ActiveCfg = Release|Any CPU
		{4D39E66D-E278-4B42-8AD7-192CE99FF5C7}.Release|Any CPU.Build.0 = Release|Any CPU
		{8F0E4D32-B7C3-4896-A46F-8D8C2E59854C}.Debug|Any CPU.ActiveCfg = Debug|Any CPU
		{8F0E4D32-B7C3-4896-A46F-8D8C2E59854C}.Debug|Any CPU.Build.0 = Debug|Any CPU
		{8F0E4D32-B7C3-4896-A46F-8D8C2E59854C}.Release|Any CPU.ActiveCfg = Release|Any CPU
		{8F0E4D32-B7C3-4896-A46F-8D8C2E59854C}.Release|Any CPU.Build.0 = Release|Any CPU
		{ACD09A8B-DFCA-49CA-8665-E4DAFC34EA84}.Debug|Any CPU.ActiveCfg = Debug|Any CPU
		{ACD09A8B-DFCA-49CA-8665-E4DAFC34EA84}.Debug|Any CPU.Build.0 = Debug|Any CPU
		{ACD09A8B-DFCA-49CA-8665-E4DAFC34EA84}.Release|Any CPU.ActiveCfg = Release|Any CPU
		{ACD09A8B-DFCA-49CA-8665-E4DAFC34EA84}.Release|Any CPU.Build.0 = Release|Any CPU
	EndGlobalSection
	GlobalSection(SolutionProperties) = preSolution
		HideSolutionNode = FALSE
	EndGlobalSection
EndGlobal
